
Microsoft Visual Studio Solution File, Format Version 12.00
# Visual Studio Version 16
VisualStudioVersion = 16.0.30524.135
MinimumVisualStudioVersion = 10.0.40219.1
Project("{FAE04EC0-301F-11D3-BF4B-00C04F79EFBC}") = "Hawaso", "Hawaso\Hawaso.csproj", "{26C48A22-3612-4F9D-9FF8-DAB5C0B52B3F}"
EndProject
Global
	GlobalSection(SolutionConfigurationPlatforms) = preSolution
		Debug|Any CPU = Debug|Any CPU
		Release|Any CPU = Release|Any CPU
	EndGlobalSection
	GlobalSection(ProjectConfigurationPlatforms) = postSolution
		{26C48A22-3612-4F9D-9FF8-DAB5C0B52B3F}.Debug|Any CPU.ActiveCfg = Debug|Any CPU
		{26C48A22-3612-4F9D-9FF8-DAB5C0B52B3F}.Debug|Any CPU.Build.0 = Debug|Any CPU
		{26C48A22-3612-4F9D-9FF8-DAB5C0B52B3F}.Release|Any CPU.ActiveCfg = Release|Any CPU
		{26C48A22-3612-4F9D-9FF8-DAB5C0B52B3F}.Release|Any CPU.Build.0 = Release|Any CPU
	EndGlobalSection
	GlobalSection(SolutionProperties) = preSolution
		HideSolutionNode = FALSE
	EndGlobalSection
	GlobalSection(ExtensibilityGlobals) = postSolution
		SolutionGuid = {83CBAE6E-3ACB-4FE8-88FB-2D6F5AF35A49}
	EndGlobalSection
EndGlobal
